
Microsoft Visual Studio Solution File, Format Version 12.00
# Visual Studio Version 16
VisualStudioVersion = 16.0.31911.196
MinimumVisualStudioVersion = 10.0.40219.1
Project("{FAE04EC0-301F-11D3-BF4B-00C04F79EFBC}") = "KOHL_Aurelien_TP3_ST2TRD", "KOHL_Aurelien_TP3_ST2TRD\KOHL_Aurelien_TP3_ST2TRD.csproj", "{6EFDA7B5-BCE3-4EE0-930F-E8E31366A1AD}"
EndProject
Global
	GlobalSection(SolutionConfigurationPlatforms) = preSolution
		Debug|Any CPU = Debug|Any CPU
		Release|Any CPU = Release|Any CPU
	EndGlobalSection
	GlobalSection(ProjectConfigurationPlatforms) = postSolution
		{6EFDA7B5-BCE3-4EE0-930F-E8E31366A1AD}.Debug|Any CPU.ActiveCfg = Debug|Any CPU
		{6EFDA7B5-BCE3-4EE0-930F-E8E31366A1AD}.Debug|Any CPU.Build.0 = Debug|Any CPU
		{6EFDA7B5-BCE3-4EE0-930F-E8E31366A1AD}.Release|Any CPU.ActiveCfg = Release|Any CPU
		{6EFDA7B5-BCE3-4EE0-930F-E8E31366A1AD}.Release|Any CPU.Build.0 = Release|Any CPU
	EndGlobalSection
	GlobalSection(SolutionProperties) = preSolution
		HideSolutionNode = FALSE
	EndGlobalSection
	GlobalSection(ExtensibilityGlobals) = postSolution
		SolutionGuid = {14C5B4CA-7C44-44D2-ABD8-D3E2C88A9ABB}
	EndGlobalSection
EndGlobal
